
Microsoft Visual Studio Solution File, Format Version 12.00
# Visual Studio 15
VisualStudioVersion = 15.0.28010.2026
MinimumVisualStudioVersion = 10.0.40219.1
Project("{FAE04EC0-301F-11D3-BF4B-00C04F79EFBC}") = "RegistroUsuarios", "RegistroUsuarios\RegistroUsuarios.csproj", "{D6FF0C59-20BC-4FBF-BE06-237AE12F0498}"
EndProject
Project("{FAE04EC0-301F-11D3-BF4B-00C04F79EFBC}") = "BLL", "BLL\BLL.csproj", "{227913CE-8AEB-4B82-9250-C176A7D47C6A}"
EndProject
Project("{FAE04EC0-301F-11D3-BF4B-00C04F79EFBC}") = "Entidades", "Entidades\Entidades.csproj", "{76E6D33D-8A0E-40C8-A589-1E9086DCB74B}"
EndProject
Project("{FAE04EC0-301F-11D3-BF4B-00C04F79EFBC}") = "DAL", "DAL\DAL.csproj", "{D5A7C801-8ED4-48C6-A610-E9EF033F4247}"
EndProject
Global
	GlobalSection(SolutionConfigurationPlatforms) = preSolution
		Debug|Any CPU = Debug|Any CPU
		Release|Any CPU = Release|Any CPU
	EndGlobalSection
	GlobalSection(ProjectConfigurationPlatforms) = postSolution
		{D6FF0C59-20BC-4FBF-BE06-237AE12F0498}.Debug|Any CPU.ActiveCfg = Debug|Any CPU
		{D6FF0C59-20BC-4FBF-BE06-237AE12F0498}.Debug|Any CPU.Build.0 = Debug|Any CPU
		{D6FF0C59-20BC-4FBF-BE06-237AE12F0498}.Release|Any CPU.ActiveCfg = Release|Any CPU
		{D6FF0C59-20BC-4FBF-BE06-237AE12F0498}.Release|Any CPU.Build.0 = Release|Any CPU
		{227913CE-8AEB-4B82-9250-C176A7D47C6A}.Debug|Any CPU.ActiveCfg = Debug|Any CPU
		{227913CE-8AEB-4B82-9250-C176A7D47C6A}.Debug|Any CPU.Build.0 = Debug|Any CPU
		{227913CE-8AEB-4B82-9250-C176A7D47C6A}.Release|Any CPU.ActiveCfg = Release|Any CPU
		{227913CE-8AEB-4B82-9250-C176A7D47C6A}.Release|Any CPU.Build.0 = Release|Any CPU
		{76E6D33D-8A0E-40C8-A589-1E9086DCB74B}.Debug|Any CPU.ActiveCfg = Debug|Any CPU
		{76E6D33D-8A0E-40C8-A589-1E9086DCB74B}.Debug|Any CPU.Build.0 = Debug|Any CPU
		{76E6D33D-8A0E-40C8-A589-1E9086DCB74B}.Release|Any CPU.ActiveCfg = Release|Any CPU
		{76E6D33D-8A0E-40C8-A589-1E9086DCB74B}.Release|Any CPU.Build.0 = Release|Any CPU
		{D5A7C801-8ED4-48C6-A610-E9EF033F4247}.Debug|Any CPU.ActiveCfg = Debug|Any CPU
		{D5A7C801-8ED4-48C6-A610-E9EF033F4247}.Debug|Any CPU.Build.0 = Debug|Any CPU
		{D5A7C801-8ED4-48C6-A610-E9EF033F4247}.Release|Any CPU.ActiveCfg = Release|Any CPU
		{D5A7C801-8ED4-48C6-A610-E9EF033F4247}.Release|Any CPU.Build.0 = Release|Any CPU
	EndGlobalSection
	GlobalSection(SolutionProperties) = preSolution
		HideSolutionNode = FALSE
	EndGlobalSection
	GlobalSection(ExtensibilityGlobals) = postSolution
		SolutionGuid = {15A75ECC-D35F-4F6E-BE6A-0D24B8348D3B}
	EndGlobalSection
EndGlobal
